
Microsoft Visual Studio Solution File, Format Version 12.00
# Visual Studio Version 17
VisualStudioVersion = 17.0.32014.148
MinimumVisualStudioVersion = 10.0.40219.1
Project("{9A19103F-16F7-4668-BE54-9A1E7A4F7556}") = "RiotGames.LeagueOfLegends.DataDragon", "RiotGames.LeagueOfLegends.DataDragon\RiotGames.LeagueOfLegends.DataDragon.csproj", "{5EB369D9-44B1-4033-AAEA-B3006F5EFEDF}"
EndProject
Project("{9A19103F-16F7-4668-BE54-9A1E7A4F7556}") = "RiotGames.LeagueOfLegends.DataDragon.Tests", "RiotGames.LeagueOfLegends.DataDragon.Tests\RiotGames.LeagueOfLegends.DataDragon.Tests.csproj", "{467371CC-986B-4A8C-86DA-D34CBE6253B9}"
EndProject
Project("{FAE04EC0-301F-11D3-BF4B-00C04F79EFBC}") = "RiotGames.LeagueOfLegends.DataDragon.CodeGeneration", "RiotGames.LeagueOfLegends.DataDragon.CodeGeneration\RiotGames.LeagueOfLegends.DataDragon.CodeGeneration.csproj", "{99C85995-0FF0-4838-B25A-F053C8F0CD81}"
EndProject
Global
	GlobalSection(SolutionConfigurationPlatforms) = preSolution
		Debug|Any CPU = Debug|Any CPU
		Release|Any CPU = Release|Any CPU
	EndGlobalSection
	GlobalSection(ProjectConfigurationPlatforms) = postSolution
		{5EB369D9-44B1-4033-AAEA-B3006F5EFEDF}.Debug|Any CPU.ActiveCfg = Debug|Any CPU
		{5EB369D9-44B1-4033-AAEA-B3006F5EFEDF}.Debug|Any CPU.Build.0 = Debug|Any CPU
		{5EB369D9-44B1-4033-AAEA-B3006F5EFEDF}.Release|Any CPU.ActiveCfg = Release|Any CPU
		{5EB369D9-44B1-4033-AAEA-B3006F5EFEDF}.Release|Any CPU.Build.0 = Release|Any CPU
		{467371CC-986B-4A8C-86DA-D34CBE6253B9}.Debug|Any CPU.ActiveCfg = Debug|Any CPU
		{467371CC-986B-4A8C-86DA-D34CBE6253B9}.Debug|Any CPU.Build.0 = Debug|Any CPU
		{467371CC-986B-4A8C-86DA-D34CBE6253B9}.Release|Any CPU.ActiveCfg = Release|Any CPU
		{467371CC-986B-4A8C-86DA-D34CBE6253B9}.Release|Any CPU.Build.0 = Release|Any CPU
		{99C85995-0FF0-4838-B25A-F053C8F0CD81}.Debug|Any CPU.ActiveCfg = Debug|Any CPU
		{99C85995-0FF0-4838-B25A-F053C8F0CD81}.Debug|Any CPU.Build.0 = Debug|Any CPU
		{99C85995-0FF0-4838-B25A-F053C8F0CD81}.Release|Any CPU.ActiveCfg = Release|Any CPU
		{99C85995-0FF0-4838-B25A-F053C8F0CD81}.Release|Any CPU.Build.0 = Release|Any CPU
	EndGlobalSection
	GlobalSection(SolutionProperties) = preSolution
		HideSolutionNode = FALSE
	EndGlobalSection
	GlobalSection(ExtensibilityGlobals) = postSolution
		SolutionGuid = {0B9737F2-F616-47AA-8058-46ADD31CB32F}
	EndGlobalSection
EndGlobal
